
Microsoft Visual Studio Solution File, Format Version 12.00
# Visual Studio Version 17
VisualStudioVersion = 17.2.32616.157
MinimumVisualStudioVersion = 10.0.40219.1
Project("{FAE04EC0-301F-11D3-BF4B-00C04F79EFBC}") = "bb-project.Client.Android", "bb-project\bb-project.Android\bb-project.Client.Android.csproj", "{5BDDDF36-F874-4B84-AF7D-A20A4586DF25}"
EndProject
Project("{FAE04EC0-301F-11D3-BF4B-00C04F79EFBC}") = "bb-project.iOS", "bb-project\bb-project.iOS\bb-project.iOS.csproj", "{814E600C-27C2-4A13-A35C-D6D5A56C5BAF}"
EndProject
Project("{9A19103F-16F7-4668-BE54-9A1E7A4F7556}") = "bb_project.Client", "bb-project\bb-project\bb_project.Client.csproj", "{83FD7D62-9F2F-42B4-AB80-6B20928B3F8D}"
EndProject
Project("{9A19103F-16F7-4668-BE54-9A1E7A4F7556}") = "bb-project.Client.Modules.HomeModule", "bb-project.HomeModule\bb-project.Client.Modules.HomeModule.csproj", "{AB8453EF-C25C-4583-9996-8952BC97ECD7}"
EndProject
Project("{9A19103F-16F7-4668-BE54-9A1E7A4F7556}") = "bb-project.Client.Modules.WorkoutAssistantModule", "bb-project.Modules.WorkoutAssistantModule\bb-project.Client.Modules.WorkoutAssistantModule.csproj", "{275AFF97-0F91-41A2-8474-021885529C6A}"
EndProject
Project("{9A19103F-16F7-4668-BE54-9A1E7A4F7556}") = "bb-project.Client.Modules.WorkoutEditorModule", "bb-project.Modules.WorkoutEditorModule\bb-project.Client.Modules.WorkoutEditorModule.csproj", "{C2F8C138-3E94-4AB3-88AB-57E1C96F7F16}"
EndProject
Project("{9A19103F-16F7-4668-BE54-9A1E7A4F7556}") = "bb-project.Infrastructure.Models", "..\bb-project.Infrastructure.Models\bb-project.Infrastructure.Models.csproj", "{A844D73B-5869-451B-8DF4-450482F4CA2B}"
EndProject
Project("{9A19103F-16F7-4668-BE54-9A1E7A4F7556}") = "bb-project.Client.Services", "bb-project.Client.Services\bb-project.Client.Services.csproj", "{9592B387-225F-4C52-9BD8-E23AA309A9EC}"
EndProject
Project("{2150E333-8FDC-42A3-9474-1A3956D46DE8}") = "Solution Items", "Solution Items", "{28E3329C-5FD6-42C0-8CBF-68F7E8B6C26B}"
	ProjectSection(SolutionItems) = preProject
		.editorconfig = .editorconfig
	EndProjectSection
EndProject
Project("{FAE04EC0-301F-11D3-BF4B-00C04F79EFBC}") = "bb_project.Client.Authentication", "bb_project.Authentication\bb_project.Client.Authentication.csproj", "{9524B2A8-A0F9-4263-AC28-6FF8C39B10C4}"
EndProject
Global
	GlobalSection(SolutionConfigurationPlatforms) = preSolution
		Debug|Any CPU = Debug|Any CPU
		Debug|iPhone = Debug|iPhone
		Debug|iPhoneSimulator = Debug|iPhoneSimulator
		Release|Any CPU = Release|Any CPU
		Release|iPhone = Release|iPhone
		Release|iPhoneSimulator = Release|iPhoneSimulator
	EndGlobalSection
	GlobalSection(ProjectConfigurationPlatforms) = postSolution
		{5BDDDF36-F874-4B84-AF7D-A20A4586DF25}.Debug|Any CPU.ActiveCfg = Debug|Any CPU
		{5BDDDF36-F874-4B84-AF7D-A20A4586DF25}.Debug|Any CPU.Build.0 = Debug|Any CPU
		{5BDDDF36-F874-4B84-AF7D-A20A4586DF25}.Debug|Any CPU.Deploy.0 = Debug|Any CPU
		{5BDDDF36-F874-4B84-AF7D-A20A4586DF25}.Debug|iPhone.ActiveCfg = Debug|Any CPU
		{5BDDDF36-F874-4B84-AF7D-A20A4586DF25}.Debug|iPhone.Build.0 = Debug|Any CPU
		{5BDDDF36-F874-4B84-AF7D-A20A4586DF25}.Debug|iPhone.Deploy.0 = Debug|Any CPU
		{5BDDDF36-F874-4B84-AF7D-A20A4586DF25}.Debug|iPhoneSimulator.ActiveCfg = Debug|Any CPU
		{5BDDDF36-F874-4B84-AF7D-A20A4586DF25}.Debug|iPhoneSimulator.Build.0 = Debug|Any CPU
		{5BDDDF36-F874-4B84-AF7D-A20A4586DF25}.Debug|iPhoneSimulator.Deploy.0 = Debug|Any CPU
		{5BDDDF36-F874-4B84-AF7D-A20A4586DF25}.Release|Any CPU.ActiveCfg = Release|Any CPU
		{5BDDDF36-F874-4B84-AF7D-A20A4586DF25}.Release|Any CPU.Build.0 = Release|Any CPU
		{5BDDDF36-F874-4B84-AF7D-A20A4586DF25}.Release|Any CPU.Deploy.0 = Release|Any CPU
		{5BDDDF36-F874-4B84-AF7D-A20A4586DF25}.Release|iPhone.ActiveCfg = Release|Any CPU
		{5BDDDF36-F874-4B84-AF7D-A20A4586DF25}.Release|iPhone.Build.0 = Release|Any CPU
		{5BDDDF36-F874-4B84-AF7D-A20A4586DF25}.Release|iPhone.Deploy.0 = Release|Any CPU
		{5BDDDF36-F874-4B84-AF7D-A20A4586DF25}.Release|iPhoneSimulator.ActiveCfg = Release|Any CPU
		{5BDDDF36-F874-4B84-AF7D-A20A4586DF25}.Release|iPhoneSimulator.Build.0 = Release|Any CPU
		{5BDDDF36-F874-4B84-AF7D-A20A4586DF25}.Release|iPhoneSimulator.Deploy.0 = Release|Any CPU
		{814E600C-27C2-4A13-A35C-D6D5A56C5BAF}.Debug|Any CPU.ActiveCfg = Debug|iPhone
		{814E600C-27C2-4A13-A35C-D6D5A56C5BAF}.Debug|Any CPU.Build.0 = Debug|iPhone
		{814E600C-27C2-4A13-A35C-D6D5A56C5BAF}.Debug|Any CPU.Deploy.0 = Debug|iPhone
		{814E600C-27C2-4A13-A35C-D6D5A56C5BAF}.Debug|iPhone.ActiveCfg = Debug|iPhone
		{814E600C-27C2-4A13-A35C-D6D5A56C5BAF}.Debug|iPhone.Build.0 = Debug|iPhone
		{814E600C-27C2-4A13-A35C-D6D5A56C5BAF}.Debug|iPhone.Deploy.0 = Debug|iPhone
		{814E600C-27C2-4A13-A35C-D6D5A56C5BAF}.Debug|iPhoneSimulator.ActiveCfg = Debug|iPhoneSimulator
		{814E600C-27C2-4A13-A35C-D6D5A56C5BAF}.Debug|iPhoneSimulator.Build.0 = Debug|iPhoneSimulator
		{814E600C-27C2-4A13-A35C-D6D5A56C5BAF}.Debug|iPhoneSimulator.Deploy.0 = Debug|iPhoneSimulator
		{814E600C-27C2-4A13-A35C-D6D5A56C5BAF}.Release|Any CPU.ActiveCfg = Release|iPhoneSimulator
		{814E600C-27C2-4A13-A35C-D6D5A56C5BAF}.Release|Any CPU.Build.0 = Release|iPhoneSimulator
		{814E600C-27C2-4A13-A35C-D6D5A56C5BAF}.Release|Any CPU.Deploy.0 = Release|iPhoneSimulator
		{814E600C-27C2-4A13-A35C-D6D5A56C5BAF}.Release|iPhone.ActiveCfg = Release|iPhone
		{814E600C-27C2-4A13-A35C-D6D5A56C5BAF}.Release|iPhone.Build.0 = Release|iPhone
		{814E600C-27C2-4A13-A35C-D6D5A56C5BAF}.Release|iPhone.Deploy.0 = Release|iPhone
		{814E600C-27C2-4A13-A35C-D6D5A56C5BAF}.Release|iPhoneSimulator.ActiveCfg = Release|iPhoneSimulator
		{814E600C-27C2-4A13-A35C-D6D5A56C5BAF}.Release|iPhoneSimulator.Build.0 = Release|iPhoneSimulator
		{814E600C-27C2-4A13-A35C-D6D5A56C5BAF}.Release|iPhoneSimulator.Deploy.0 = Release|iPhoneSimulator
		{83FD7D62-9F2F-42B4-AB80-6B20928B3F8D}.Debug|Any CPU.ActiveCfg = Debug|Any CPU
		{83FD7D62-9F2F-42B4-AB80-6B20928B3F8D}.Debug|Any CPU.Build.0 = Debug|Any CPU
		{83FD7D62-9F2F-42B4-AB80-6B20928B3F8D}.Debug|Any CPU.Deploy.0 = Debug|Any CPU
		{83FD7D62-9F2F-42B4-AB80-6B20928B3F8D}.Debug|iPhone.ActiveCfg = Debug|Any CPU
		{83FD7D62-9F2F-42B4-AB80-6B20928B3F8D}.Debug|iPhone.Build.0 = Debug|Any CPU
		{83FD7D62-9F2F-42B4-AB80-6B20928B3F8D}.Debug|iPhone.Deploy.0 = Debug|Any CPU
		{83FD7D62-9F2F-42B4-AB80-6B20928B3F8D}.Debug|iPhoneSimulator.ActiveCfg = Debug|Any CPU
		{83FD7D62-9F2F-42B4-AB80-6B20928B3F8D}.Debug|iPhoneSimulator.Build.0 = Debug|Any CPU
		{83FD7D62-9F2F-42B4-AB80-6B20928B3F8D}.Debug|iPhoneSimulator.Deploy.0 = Debug|Any CPU
		{83FD7D62-9F2F-42B4-AB80-6B20928B3F8D}.Release|Any CPU.ActiveCfg = Release|Any CPU
		{83FD7D62-9F2F-42B4-AB80-6B20928B3F8D}.Release|Any CPU.Build.0 = Release|Any CPU
		{83FD7D62-9F2F-42B4-AB80-6B20928B3F8D}.Release|Any CPU.Deploy.0 = Release|Any CPU
		{83FD7D62-9F2F-42B4-AB80-6B20928B3F8D}.Release|iPhone.ActiveCfg = Release|Any CPU
		{83FD7D62-9F2F-42B4-AB80-6B20928B3F8D}.Release|iPhone.Build.0 = Release|Any CPU
		{83FD7D62-9F2F-42B4-AB80-6B20928B3F8D}.Release|iPhone.Deploy.0 = Release|Any CPU
		{83FD7D62-9F2F-42B4-AB80-6B20928B3F8D}.Release|iPhoneSimulator.ActiveCfg = Release|Any CPU
		{83FD7D62-9F2F-42B4-AB80-6B20928B3F8D}.Release|iPhoneSimulator.Build.0 = Release|Any CPU
		{83FD7D62-9F2F-42B4-AB80-6B20928B3F8D}.Release|iPhoneSimulator.Deploy.0 = Release|Any CPU
		{AB8453EF-C25C-4583-9996-8952BC97ECD7}.Debug|Any CPU.ActiveCfg = Debug|Any CPU
		{AB8453EF-C25C-4583-9996-8952BC97ECD7}.Debug|Any CPU.Build.0 = Debug|Any CPU
		{AB8453EF-C25C-4583-9996-8952BC97ECD7}.Debug|iPhone.ActiveCfg = Debug|Any CPU
		{AB8453EF-C25C-4583-9996-8952BC97ECD7}.Debug|iPhone.Build.0 = Debug|Any CPU
		{AB8453EF-C25C-4583-9996-8952BC97ECD7}.Debug|iPhoneSimulator.ActiveCfg = Debug|Any CPU
		{AB8453EF-C25C-4583-9996-8952BC97ECD7}.Debug|iPhoneSimulator.Build.0 = Debug|Any CPU
		{AB8453EF-C25C-4583-9996-8952BC97ECD7}.Release|Any CPU.ActiveCfg = Release|Any CPU
		{AB8453EF-C25C-4583-9996-8952BC97ECD7}.Release|Any CPU.Build.0 = Release|Any CPU
		{AB8453EF-C25C-4583-9996-8952BC97ECD7}.Release|iPhone.ActiveCfg = Release|Any CPU
		{AB8453EF-C25C-4583-9996-8952BC97ECD7}.Release|iPhone.Build.0 = Release|Any CPU
		{AB8453EF-C25C-4583-9996-8952BC97ECD7}.Release|iPhoneSimulator.ActiveCfg = Release|Any CPU
		{AB8453EF-C25C-4583-9996-8952BC97ECD7}.Release|iPhoneSimulator.Build.0 = Release|Any CPU
		{275AFF97-0F91-41A2-8474-021885529C6A}.Debug|Any CPU.ActiveCfg = Debug|Any CPU
		{275AFF97-0F91-41A2-8474-021885529C6A}.Debug|Any CPU.Build.0 = Debug|Any CPU
		{275AFF97-0F91-41A2-8474-021885529C6A}.Debug|iPhone.ActiveCfg = Debug|Any CPU
		{275AFF97-0F91-41A2-8474-021885529C6A}.Debug|iPhone.Build.0 = Debug|Any CPU
		{275AFF97-0F91-41A2-8474-021885529C6A}.Debug|iPhoneSimulator.ActiveCfg = Debug|Any CPU
		{275AFF97-0F91-41A2-8474-021885529C6A}.Debug|iPhoneSimulator.Build.0 = Debug|Any CPU
		{275AFF97-0F91-41A2-8474-021885529C6A}.Release|Any CPU.ActiveCfg = Release|Any CPU
		{275AFF97-0F91-41A2-8474-021885529C6A}.Release|Any CPU.Build.0 = Release|Any CPU
		{275AFF97-0F91-41A2-8474-021885529C6A}.Release|iPhone.ActiveCfg = Release|Any CPU
		{275AFF97-0F91-41A2-8474-021885529C6A}.Release|iPhone.Build.0 = Release|Any CPU
		{275AFF97-0F91-41A2-8474-021885529C6A}.Release|iPhoneSimulator.ActiveCfg = Release|Any CPU
		{275AFF97-0F91-41A2-8474-021885529C6A}.Release|iPhoneSimulator.Build.0 = Release|Any CPU
		{C2F8C138-3E94-4AB3-88AB-57E1C96F7F16}.Debug|Any CPU.ActiveCfg = Debug|Any CPU
		{C2F8C138-3E94-4AB3-88AB-57E1C96F7F16}.Debug|Any CPU.Build.0 = Debug|Any CPU
		{C2F8C138-3E94-4AB3-88AB-57E1C96F7F16}.Debug|iPhone.ActiveCfg = Debug|Any CPU
		{C2F8C138-3E94-4AB3-88AB-57E1C96F7F16}.Debug|iPhone.Build.0 = Debug|Any CPU
		{C2F8C138-3E94-4AB3-88AB-57E1C96F7F16}.Debug|iPhoneSimulator.ActiveCfg = Debug|Any CPU
		{C2F8C138-3E94-4AB3-88AB-57E1C96F7F16}.Debug|iPhoneSimulator.Build.0 = Debug|Any CPU
		{C2F8C138-3E94-4AB3-88AB-57E1C96F7F16}.Release|Any CPU.ActiveCfg = Release|Any CPU
		{C2F8C138-3E94-4AB3-88AB-57E1C96F7F16}.Release|Any CPU.Build.0 = Release|Any CPU
		{C2F8C138-3E94-4AB3-88AB-57E1C96F7F16}.Release|iPhone.ActiveCfg = Release|Any CPU
		{C2F8C138-3E94-4AB3-88AB-57E1C96F7F16}.Release|iPhone.Build.0 = Release|Any CPU
		{C2F8C138-3E94-4AB3-88AB-57E1C96F7F16}.Release|iPhoneSimulator.ActiveCfg = Release|Any CPU
		{C2F8C138-3E94-4AB3-88AB-57E1C96F7F16}.Release|iPhoneSimulator.Build.0 = Release|Any CPU
		{A844D73B-5869-451B-8DF4-450482F4CA2B}.Debug|Any CPU.ActiveCfg = Debug|Any CPU
		{A844D73B-5869-451B-8DF4-450482F4CA2B}.Debug|Any CPU.Build.0 = Debug|Any CPU
		{A844D73B-5869-451B-8DF4-450482F4CA2B}.Debug|iPhone.ActiveCfg = Debug|Any CPU
		{A844D73B-5869-451B-8DF4-450482F4CA2B}.Debug|iPhone.Build.0 = Debug|Any CPU
		{A844D73B-5869-451B-8DF4-450482F4CA2B}.Debug|iPhoneSimulator.ActiveCfg = Debug|Any CPU
		{A844D73B-5869-451B-8DF4-450482F4CA2B}.Debug|iPhoneSimulator.Build.0 = Debug|Any CPU
		{A844D73B-5869-451B-8DF4-450482F4CA2B}.Release|Any CPU.ActiveCfg = Release|Any CPU
		{A844D73B-5869-451B-8DF4-450482F4CA2B}.Release|Any CPU.Build.0 = Release|Any CPU
		{A844D73B-5869-451B-8DF4-450482F4CA2B}.Release|iPhone.ActiveCfg = Release|Any CPU
		{A844D73B-5869-451B-8DF4-450482F4CA2B}.Release|iPhone.Build.0 = Release|Any CPU
		{A844D73B-5869-451B-8DF4-450482F4CA2B}.Release|iPhoneSimulator.ActiveCfg = Release|Any CPU
		{A844D73B-5869-451B-8DF4-450482F4CA2B}.Release|iPhoneSimulator.Build.0 = Release|Any CPU
		{9592B387-225F-4C52-9BD8-E23AA309A9EC}.Debug|Any CPU.ActiveCfg = Debug|Any CPU
		{9592B387-225F-4C52-9BD8-E23AA309A9EC}.Debug|Any CPU.Build.0 = Debug|Any CPU
		{9592B387-225F-4C52-9BD8-E23AA309A9EC}.Debug|iPhone.ActiveCfg = Debug|Any CPU
		{9592B387-225F-4C52-9BD8-E23AA309A9EC}.Debug|iPhone.Build.0 = Debug|Any CPU
		{9592B387-225F-4C52-9BD8-E23AA309A9EC}.Debug|iPhoneSimulator.ActiveCfg = Debug|Any CPU
		{9592B387-225F-4C52-9BD8-E23AA309A9EC}.Debug|iPhoneSimulator.Build.0 = Debug|Any CPU
		{9592B387-225F-4C52-9BD8-E23AA309A9EC}.Release|Any CPU.ActiveCfg = Release|Any CPU
		{9592B387-225F-4C52-9BD8-E23AA309A9EC}.Release|Any CPU.Build.0 = Release|Any CPU
		{9592B387-225F-4C52-9BD8-E23AA309A9EC}.Release|iPhone.ActiveCfg = Release|Any CPU
		{9592B387-225F-4C52-9BD8-E23AA309A9EC}.Release|iPhone.Build.0 = Release|Any CPU
		{9592B387-225F-4C52-9BD8-E23AA309A9EC}.Release|iPhoneSimulator.ActiveCfg = Release|Any CPU
		{9592B387-225F-4C52-9BD8-E23AA309A9EC}.Release|iPhoneSimulator.Build.0 = Release|Any CPU
		{9524B2A8-A0F9-4263-AC28-6FF8C39B10C4}.Debug|Any CPU.ActiveCfg = Debug|Any CPU
		{9524B2A8-A0F9-4263-AC28-6FF8C39B10C4}.Debug|Any CPU.Build.0 = Debug|Any CPU
		{9524B2A8-A0F9-4263-AC28-6FF8C39B10C4}.Debug|iPhone.ActiveCfg = Debug|Any CPU
		{9524B2A8-A0F9-4263-AC28-6FF8C39B10C4}.Debug|iPhone.Build.0 = Debug|Any CPU
		{9524B2A8-A0F9-4263-AC28-6FF8C39B10C4}.Debug|iPhoneSimulator.ActiveCfg = Debug|Any CPU
		{9524B2A8-A0F9-4263-AC28-6FF8C39B10C4}.Debug|iPhoneSimulator.Build.0 = Debug|Any CPU
		{9524B2A8-A0F9-4263-AC28-6FF8C39B10C4}.Release|Any CPU.ActiveCfg = Release|Any CPU
		{9524B2A8-A0F9-4263-AC28-6FF8C39B10C4}.Release|Any CPU.Build.0 = Release|Any CPU
		{9524B2A8-A0F9-4263-AC28-6FF8C39B10C4}.Release|iPhone.ActiveCfg = Release|Any CPU
		{9524B2A8-A0F9-4263-AC28-6FF8C39B10C4}.Release|iPhone.Build.0 = Release|Any CPU
		{9524B2A8-A0F9-4263-AC28-6FF8C39B10C4}.Release|iPhoneSimulator.ActiveCfg = Release|Any CPU
		{9524B2A8-A0F9-4263-AC28-6FF8C39B10C4}.Release|iPhoneSimulator.Build.0 = Release|Any CPU
	EndGlobalSection
	GlobalSection(SolutionProperties) = preSolution
		HideSolutionNode = FALSE
	EndGlobalSection
	GlobalSection(ExtensibilityGlobals) = postSolution
		SolutionGuid = {1304CC72-B104-42C1-80B0-FCAB27A8256B}
	EndGlobalSection
EndGlobal
